PODS:
  - ed_screen_recorder (0.0.1):
    - Flutter
  - Flutter (1.0.0)
  - path_provider_foundation (0.0.1):
    - Flutter
    - FlutterMacOS

DEPENDENCIES:
  - ed_screen_recorder (from `.symlinks/plugins/ed_screen_recorder/ios`)
  - Flutter (from `Flutter`)
  - path_provider_foundation (from `.symlinks/plugins/path_provider_foundation/ios`)

EXTERNAL SOURCES:
  ed_screen_recorder:
    :path: ".symlinks/plugins/ed_screen_recorder/ios"
  Flutter:
    :path: Flutter
  path_provider_foundation:
    :path: ".symlinks/plugins/path_provider_foundation/ios"

SPEC CHECKSUMS:
  ed_screen_recorder: fe73c457bbe30746a593c79bcf1fb19c844f791c
  Flutter: f04841e97a9d0b0a8025694d0796dd46242b2854
  path_provider_foundation: c68054786f1b4f3343858c1e1d0caaded73f0be9

PODFILE CHECKSUM: aafe91acc616949ddb318b77800a7f51bffa2a4c

COCOAPODS: 1.11.3
